
Microsoft Visual Studio Solution File, Format Version 12.00
# Visual Studio Version 16
VisualStudioVersion = 16.0.30717.126
MinimumVisualStudioVersion = 10.0.40219.1
Project("{FAE04EC0-301F-11D3-BF4B-00C04F79EFBC}") = "task_2_2", "task_2_2\task_2_2.csproj", "{F12EF615-DEE0-4FD5-BA49-F59926DC2BAE}"
EndProject
Global
	GlobalSection(SolutionConfigurationPlatforms) = preSolution
		Debug|Any CPU = Debug|Any CPU
		Release|Any CPU = Release|Any CPU
	EndGlobalSection
	GlobalSection(ProjectConfigurationPlatforms) = postSolution
		{F12EF615-DEE0-4FD5-BA49-F59926DC2BAE}.Debug|Any CPU.ActiveCfg = Debug|Any CPU
		{F12EF615-DEE0-4FD5-BA49-F59926DC2BAE}.Debug|Any CPU.Build.0 = Debug|Any CPU
		{F12EF615-DEE0-4FD5-BA49-F59926DC2BAE}.Release|Any CPU.ActiveCfg = Release|Any CPU
		{F12EF615-DEE0-4FD5-BA49-F59926DC2BAE}.Release|Any CPU.Build.0 = Release|Any CPU
	EndGlobalSection
	GlobalSection(SolutionProperties) = preSolution
		HideSolutionNode = FALSE
	EndGlobalSection
	GlobalSection(ExtensibilityGlobals) = postSolution
		SolutionGuid = {442D3565-1F48-4D34-BC63-B1DD45FB5F51}
	EndGlobalSection
EndGlobal
